PODS:
  - SDWebImage (3.7.5):
    - SDWebImage/Core (= 3.7.5)
  - SDWebImage/Core (3.7.5)
  - SocketRocket (0.4.2)
  - SSZipArchive (2.1.4)
  - WebViewJavascriptBridge (6.0.3)
  - WeexPluginLoader (0.0.1.9.1):
    - WeexSDK
  - WeexSDK (0.20.1)

DEPENDENCIES:
  - SDWebImage (= 3.7.5)
  - SocketRocket (= 0.4.2)
  - SSZipArchive (~> 2.1.4)
  - WebViewJavascriptBridge
  - WeexPluginLoader
  - WeexSDK

SPEC REPOS:
  https://github.com/cocoapods/specs.git:
    - SDWebImage
    - SocketRocket
    - SSZipArchive
    - WebViewJavascriptBridge
    - WeexPluginLoader
    - WeexSDK

SPEC CHECKSUMS:
  SDWebImage: 69c6303e3348fba97e03f65d65d4fbc26740f461
  SocketRocket: ffe08119b00ef982f6c37052a4705a057c8494ad
  SSZipArchive: 41455d4b8d2b6ab93990820b50dc697c2554a322
  WebViewJavascriptBridge: 7f5bc4d3581e672e8f32bd0f812d54bc69bb8e29
  WeexPluginLoader: 85c1304f8ba29864e58531614a0acfeceef1b85c
  WeexSDK: ced3f2ef2f0cb48d1d76fd2f03c645572c632d21

PODFILE CHECKSUM: c2156d29054aacf5726486c70a7d1c4c904936b7

COCOAPODS: 1.5.3
